
Microsoft Visual Studio Solution File, Format Version 12.00
# Visual Studio Version 17
VisualStudioVersion = 17.4.32804.182
MinimumVisualStudioVersion = 10.0.40219.1
Project("{9A19103F-16F7-4668-BE54-9A1E7A4F7556}") = "GadgetStoreApp.Maui", "GadgetStoreApp.Maui\GadgetStoreApp.Maui.csproj", "{1E842914-9707-4BF4-BC1B-41145E6871B2}"
EndProject
Project("{FAE04EC0-301F-11D3-BF4B-00C04F79EFBC}") = "GadgetStoreApp.Core", "GadgetStoreApp.Core\GadgetStoreApp.Core.csproj", "{F9E8D226-01AB-4ED6-8F44-BCF799054EB4}"
EndProject
Global
	GlobalSection(SolutionConfigurationPlatforms) = preSolution
		Debug|Any CPU = Debug|Any CPU
		Debug|iPhone = Debug|iPhone
		Debug|iPhoneSimulator = Debug|iPhoneSimulator
		Release|Any CPU = Release|Any CPU
		Release|iPhone = Release|iPhone
		Release|iPhoneSimulator = Release|iPhoneSimulator
	EndGlobalSection
	GlobalSection(ProjectConfigurationPlatforms) = postSolution
		{1E842914-9707-4BF4-BC1B-41145E6871B2}.Debug|Any CPU.ActiveCfg = Debug|Any CPU
		{1E842914-9707-4BF4-BC1B-41145E6871B2}.Debug|Any CPU.Build.0 = Debug|Any CPU
		{1E842914-9707-4BF4-BC1B-41145E6871B2}.Debug|Any CPU.Deploy.0 = Debug|Any CPU
		{1E842914-9707-4BF4-BC1B-41145E6871B2}.Debug|iPhone.ActiveCfg = Debug|Any CPU
		{1E842914-9707-4BF4-BC1B-41145E6871B2}.Debug|iPhone.Build.0 = Debug|Any CPU
		{1E842914-9707-4BF4-BC1B-41145E6871B2}.Debug|iPhone.Deploy.0 = Debug|Any CPU
		{1E842914-9707-4BF4-BC1B-41145E6871B2}.Debug|iPhoneSimulator.ActiveCfg = Debug|Any CPU
		{1E842914-9707-4BF4-BC1B-41145E6871B2}.Debug|iPhoneSimulator.Build.0 = Debug|Any CPU
		{1E842914-9707-4BF4-BC1B-41145E6871B2}.Debug|iPhoneSimulator.Deploy.0 = Debug|Any CPU
		{1E842914-9707-4BF4-BC1B-41145E6871B2}.Release|Any CPU.ActiveCfg = Release|Any CPU
		{1E842914-9707-4BF4-BC1B-41145E6871B2}.Release|Any CPU.Build.0 = Release|Any CPU
		{1E842914-9707-4BF4-BC1B-41145E6871B2}.Release|Any CPU.Deploy.0 = Release|Any CPU
		{1E842914-9707-4BF4-BC1B-41145E6871B2}.Release|iPhone.ActiveCfg = Release|Any CPU
		{1E842914-9707-4BF4-BC1B-41145E6871B2}.Release|iPhone.Build.0 = Release|Any CPU
		{1E842914-9707-4BF4-BC1B-41145E6871B2}.Release|iPhone.Deploy.0 = Release|Any CPU
		{1E842914-9707-4BF4-BC1B-41145E6871B2}.Release|iPhoneSimulator.ActiveCfg = Release|Any CPU
		{1E842914-9707-4BF4-BC1B-41145E6871B2}.Release|iPhoneSimulator.Build.0 = Release|Any CPU
		{1E842914-9707-4BF4-BC1B-41145E6871B2}.Release|iPhoneSimulator.Deploy.0 = Release|Any CPU
		{F9E8D226-01AB-4ED6-8F44-BCF799054EB4}.Debug|Any CPU.ActiveCfg = Debug|Any CPU
		{F9E8D226-01AB-4ED6-8F44-BCF799054EB4}.Debug|Any CPU.Build.0 = Debug|Any CPU
		{F9E8D226-01AB-4ED6-8F44-BCF799054EB4}.Debug|iPhone.ActiveCfg = Debug|Any CPU
		{F9E8D226-01AB-4ED6-8F44-BCF799054EB4}.Debug|iPhone.Build.0 = Debug|Any CPU
		{F9E8D226-01AB-4ED6-8F44-BCF799054EB4}.Debug|iPhoneSimulator.ActiveCfg = Debug|Any CPU
		{F9E8D226-01AB-4ED6-8F44-BCF799054EB4}.Debug|iPhoneSimulator.Build.0 = Debug|Any CPU
		{F9E8D226-01AB-4ED6-8F44-BCF799054EB4}.Release|Any CPU.ActiveCfg = Release|Any CPU
		{F9E8D226-01AB-4ED6-8F44-BCF799054EB4}.Release|Any CPU.Build.0 = Release|Any CPU
		{F9E8D226-01AB-4ED6-8F44-BCF799054EB4}.Release|iPhone.ActiveCfg = Release|Any CPU
		{F9E8D226-01AB-4ED6-8F44-BCF799054EB4}.Release|iPhone.Build.0 = Release|Any CPU
		{F9E8D226-01AB-4ED6-8F44-BCF799054EB4}.Release|iPhoneSimulator.ActiveCfg = Release|Any CPU
		{F9E8D226-01AB-4ED6-8F44-BCF799054EB4}.Release|iPhoneSimulator.Build.0 = Release|Any CPU
	EndGlobalSection
	GlobalSection(SolutionProperties) = preSolution
		HideSolutionNode = FALSE
	EndGlobalSection
	GlobalSection(ExtensibilityGlobals) = postSolution
		SolutionGuid = {47ABACD9-6004-443F-B004-79E956DEF4C5}
	EndGlobalSection
EndGlobal
